
Microsoft Visual Studio Solution File, Format Version 11.00
# Visual Studio 2010
Project("{8BC9CEB8-8B4A-11D0-8D11-00A0C91BC942}") = "Playfair加密解密实现", "Playfair加密解密实现\Playfair加密解密实现.vcxproj", "{24C3D6B2-72F3-4B3B-831A-B02098301A68}"
EndProject
Global
	GlobalSection(SolutionConfigurationPlatforms) = preSolution
		Debug|Win32 = Debug|Win32
		Release|Win32 = Release|Win32
	EndGlobalSection
	GlobalSection(ProjectConfigurationPlatforms) = postSolution
		{24C3D6B2-72F3-4B3B-831A-B02098301A68}.Debug|Win32.ActiveCfg = Debug|Win32
		{24C3D6B2-72F3-4B3B-831A-B02098301A68}.Debug|Win32.Build.0 = Debug|Win32
		{24C3D6B2-72F3-4B3B-831A-B02098301A68}.Release|Win32.ActiveCfg = Release|Win32
		{24C3D6B2-72F3-4B3B-831A-B02098301A68}.Release|Win32.Build.0 = Release|Win32
	EndGlobalSection
	GlobalSection(SolutionProperties) = preSolution
		HideSolutionNode = FALSE
	EndGlobalSection
EndGlobal
