
Microsoft Visual Studio Solution File, Format Version 11.00
# Visual Studio 2010
Project("{8BC9CEB8-8B4A-11D0-8D11-00A0C91BC942}") = "serive", "serive\serive.vcxproj", "{44BBB03A-806C-41B4-A5F5-8E0F87992312}"
EndProject
Global
	GlobalSection(SolutionConfigurationPlatforms) = preSolution
		Debug|Win32 = Debug|Win32
		Release|Win32 = Release|Win32
	EndGlobalSection
	GlobalSection(ProjectConfigurationPlatforms) = postSolution
		{44BBB03A-806C-41B4-A5F5-8E0F87992312}.Debug|Win32.ActiveCfg = Debug|Win32
		{44BBB03A-806C-41B4-A5F5-8E0F87992312}.Debug|Win32.Build.0 = Debug|Win32
		{44BBB03A-806C-41B4-A5F5-8E0F87992312}.Release|Win32.ActiveCfg = Release|Win32
		{44BBB03A-806C-41B4-A5F5-8E0F87992312}.Release|Win32.Build.0 = Release|Win32
	EndGlobalSection
	GlobalSection(SolutionProperties) = preSolution
		HideSolutionNode = FALSE
	EndGlobalSection
EndGlobal
