
Microsoft Visual Studio Solution File, Format Version 11.00
# Visual Studio 2010
Project("{FAE04EC0-301F-11D3-BF4B-00C04F79EFBC}") = "网页1", "网页1\网页1.csproj", "{47AE46DD-91E0-4218-84E7-699F0BFBD448}"
EndProject
Global
	GlobalSection(SolutionConfigurationPlatforms) = preSolution
		Debug|Any CPU = Debug|Any CPU
		Release|Any CPU = Release|Any CPU
	EndGlobalSection
	GlobalSection(ProjectConfigurationPlatforms) = postSolution
		{47AE46DD-91E0-4218-84E7-699F0BFBD448}.Debug|Any CPU.ActiveCfg = Debug|Any CPU
		{47AE46DD-91E0-4218-84E7-699F0BFBD448}.Debug|Any CPU.Build.0 = Debug|Any CPU
		{47AE46DD-91E0-4218-84E7-699F0BFBD448}.Release|Any CPU.ActiveCfg = Release|Any CPU
		{47AE46DD-91E0-4218-84E7-699F0BFBD448}.Release|Any CPU.Build.0 = Release|Any CPU
	EndGlobalSection
	GlobalSection(SolutionProperties) = preSolution
		HideSolutionNode = FALSE
	EndGlobalSection
EndGlobal
