
Microsoft Visual Studio Solution File, Format Version 11.00
# Visual Studio 2010
Project("{8BC9CEB8-8B4A-11D0-8D11-00A0C91BC942}") = "线性表置换", "线性表置换\线性表置换.vcxproj", "{CBA262FA-971B-4354-AA74-C20F5B049141}"
EndProject
Global
	GlobalSection(SolutionConfigurationPlatforms) = preSolution
		Debug|Win32 = Debug|Win32
		Release|Win32 = Release|Win32
	EndGlobalSection
	GlobalSection(ProjectConfigurationPlatforms) = postSolution
		{CBA262FA-971B-4354-AA74-C20F5B049141}.Debug|Win32.ActiveCfg = Debug|Win32
		{CBA262FA-971B-4354-AA74-C20F5B049141}.Debug|Win32.Build.0 = Debug|Win32
		{CBA262FA-971B-4354-AA74-C20F5B049141}.Release|Win32.ActiveCfg = Release|Win32
		{CBA262FA-971B-4354-AA74-C20F5B049141}.Release|Win32.Build.0 = Release|Win32
	EndGlobalSection
	GlobalSection(SolutionProperties) = preSolution
		HideSolutionNode = FALSE
	EndGlobalSection
EndGlobal
