
Microsoft Visual Studio Solution File, Format Version 11.00
# Visual Studio 2010
Project("{8BC9CEB8-8B4A-11D0-8D11-00A0C91BC942}") = "socket1", "socket1\socket1.vcxproj", "{E08F6DB7-122F-4763-A36D-918714CFA816}"
EndProject
Global
	GlobalSection(SolutionConfigurationPlatforms) = preSolution
		Debug|Win32 = Debug|Win32
		Release|Win32 = Release|Win32
	EndGlobalSection
	GlobalSection(ProjectConfigurationPlatforms) = postSolution
		{E08F6DB7-122F-4763-A36D-918714CFA816}.Debug|Win32.ActiveCfg = Debug|Win32
		{E08F6DB7-122F-4763-A36D-918714CFA816}.Debug|Win32.Build.0 = Debug|Win32
		{E08F6DB7-122F-4763-A36D-918714CFA816}.Release|Win32.ActiveCfg = Release|Win32
		{E08F6DB7-122F-4763-A36D-918714CFA816}.Release|Win32.Build.0 = Release|Win32
	EndGlobalSection
	GlobalSection(SolutionProperties) = preSolution
		HideSolutionNode = FALSE
	EndGlobalSection
EndGlobal
