
Microsoft Visual Studio Solution File, Format Version 11.00
# Visual Studio 2010
Project("{8BC9CEB8-8B4A-11D0-8D11-00A0C91BC942}") = "RSA数字签名", "RSA数字签名\RSA数字签名.vcxproj", "{544EDFC1-F7F3-4908-91F4-999CA7C59C5C}"
EndProject
Global
	GlobalSection(SolutionConfigurationPlatforms) = preSolution
		Debug|Win32 = Debug|Win32
		Release|Win32 = Release|Win32
	EndGlobalSection
	GlobalSection(ProjectConfigurationPlatforms) = postSolution
		{544EDFC1-F7F3-4908-91F4-999CA7C59C5C}.Debug|Win32.ActiveCfg = Debug|Win32
		{544EDFC1-F7F3-4908-91F4-999CA7C59C5C}.Debug|Win32.Build.0 = Debug|Win32
		{544EDFC1-F7F3-4908-91F4-999CA7C59C5C}.Release|Win32.ActiveCfg = Release|Win32
		{544EDFC1-F7F3-4908-91F4-999CA7C59C5C}.Release|Win32.Build.0 = Release|Win32
	EndGlobalSection
	GlobalSection(SolutionProperties) = preSolution
		HideSolutionNode = FALSE
	EndGlobalSection
EndGlobal
